
Microsoft Visual Studio Solution File, Format Version 12.00
# Visual Studio Version 17
VisualStudioVersion = 17.1.32210.238
MinimumVisualStudioVersion = 10.0.40219.1
Project("{FAE04EC0-301F-11D3-BF4B-00C04F79EFBC}") = "MyFirstCSweb", "MyFirstCSweb\MyFirstCSweb.csproj", "{F9ED45D1-4DCA-45A7-8D15-790D368115FA}"
EndProject
Global
	GlobalSection(SolutionConfigurationPlatforms) = preSolution
		Debug|Any CPU = Debug|Any CPU
		Release|Any CPU = Release|Any CPU
	EndGlobalSection
	GlobalSection(ProjectConfigurationPlatforms) = postSolution
		{F9ED45D1-4DCA-45A7-8D15-790D368115FA}.Debug|Any CPU.ActiveCfg = Debug|Any CPU
		{F9ED45D1-4DCA-45A7-8D15-790D368115FA}.Debug|Any CPU.Build.0 = Debug|Any CPU
		{F9ED45D1-4DCA-45A7-8D15-790D368115FA}.Release|Any CPU.ActiveCfg = Release|Any CPU
		{F9ED45D1-4DCA-45A7-8D15-790D368115FA}.Release|Any CPU.Build.0 = Release|Any CPU
	EndGlobalSection
	GlobalSection(SolutionProperties) = preSolution
		HideSolutionNode = FALSE
	EndGlobalSection
	GlobalSection(ExtensibilityGlobals) = postSolution
		SolutionGuid = {BD7F464E-660E-42EB-9E0A-0DBC13ED78F6}
	EndGlobalSection
EndGlobal
